// !$*UTF8*$!
{
	archiveVersion = 1;
	classes = {
	};
	objectVersion = 56;
	objects = {

/* Begin PBXBuildFile section */
		C15E473C2B35A4D800E50BEC /* AppetizerDetailView.swift in Sources */ = {isa = PBXBuildFile; fileRef = C15E473B2B35A4D800E50BEC /* AppetizerDetailView.swift */; };
		C15E473F2B35B07400E50BEC /* APButton.swift in Sources */ = {isa = PBXBuildFile; fileRef = C15E473E2B35B07400E50BEC /* APButton.swift */; };
		C15E47412B35B12200E50BEC /* XDismissButton.swift in Sources */ = {isa = PBXBuildFile; fileRef = C15E47402B35B12200E50BEC /* XDismissButton.swift */; };
		C15E47432B35B9E000E50BEC /* AccountViewModel.swift in Sources */ = {isa = PBXBuildFile; fileRef = C15E47422B35B9E000E50BEC /* AccountViewModel.swift */; };
		C15E47452B35BC7B00E50BEC /* String+Ext.swift in Sources */ = {isa = PBXBuildFile; fileRef = C15E47442B35BC7B00E50BEC /* String+Ext.swift */; };
		C1C184712B3545D6002B1FF3 /* NetworkManager.swift in Sources */ = {isa = PBXBuildFile; fileRef = C1C184702B3545D6002B1FF3 /* NetworkManager.swift */; };
		C1C184732B35479C002B1FF3 /* APError.swift in Sources */ = {isa = PBXBuildFile; fileRef = C1C184722B35479C002B1FF3 /* APError.swift */; };
		C1C184752B355B89002B1FF3 /* AppetizerListViewModel.swift in Sources */ = {isa = PBXBuildFile; fileRef = C1C184742B355B89002B1FF3 /* AppetizerListViewModel.swift */; };
		C1C184772B355D13002B1FF3 /* Alert.swift in Sources */ = {isa = PBXBuildFile; fileRef = C1C184762B355D13002B1FF3 /* Alert.swift */; };
		C1C184792B3572AF002B1FF3 /* LoadingView.swift in Sources */ = {isa = PBXBuildFile; fileRef = C1C184782B3572AF002B1FF3 /* LoadingView.swift */; };
		C1C1847D2B357B25002B1FF3 /* RemoteImage.swift in Sources */ = {isa = PBXBuildFile; fileRef = C1C1847C2B357B25002B1FF3 /* RemoteImage.swift */; };
		C1C6B7AC2B34B920009134B9 /* AppetizersApp.swift in Sources */ = {isa = PBXBuildFile; fileRef = C1C6B7AB2B34B920009134B9 /* AppetizersApp.swift */; };
		C1C6B7AE2B34B920009134B9 /* AppetizerTabView.swift in Sources */ = {isa = PBXBuildFile; fileRef = C1C6B7AD2B34B920009134B9 /* AppetizerTabView.swift */; };
		C1C6B7B02B34B921009134B9 /* Assets.xcassets in Resources */ = {isa = PBXBuildFile; fileRef = C1C6B7AF2B34B921009134B9 /* Assets.xcassets */; };
		C1C6B7B32B34B921009134B9 /* Preview Assets.xcassets in Resources */ = {isa = PBXBuildFile; fileRef = C1C6B7B22B34B921009134B9 /* Preview Assets.xcassets */; };
		C1C6B7BA2B34B9AA009134B9 /* AppetizerListView.swift in Sources */ = {isa = PBXBuildFile; fileRef = C1C6B7B92B34B9AA009134B9 /* AppetizerListView.swift */; };
		C1C6B7BC2B34B9BD009134B9 /* AccountView.swift in Sources */ = {isa = PBXBuildFile; fileRef = C1C6B7BB2B34B9BD009134B9 /* AccountView.swift */; };
		C1C6B7BE2B34B9C9009134B9 /* OrderView.swift in Sources */ = {isa = PBXBuildFile; fileRef = C1C6B7BD2B34B9C9009134B9 /* OrderView.swift */; };
		C1C6B7C02B34BE78009134B9 /* Appetizer.swift in Sources */ = {isa = PBXBuildFile; fileRef = C1C6B7BF2B34BE78009134B9 /* Appetizer.swift */; };
		C1C6B7C22B34D0D9009134B9 /* AppetizerListCell.swift in Sources */ = {isa = PBXBuildFile; fileRef = C1C6B7C12B34D0D9009134B9 /* AppetizerListCell.swift */; };
/* End PBXBuildFile section */

/* Begin PBXFileReference section */
		C15E473B2B35A4D800E50BEC /* AppetizerDetailView.swift */ = {isa = PBXFileReference; lastKnownFileType = sourcecode.swift; path = AppetizerDetailView.swift; sourceTree = "<group>"; };
		C15E473E2B35B07400E50BEC /* APButton.swift */ = {isa = PBXFileReference; lastKnownFileType = sourcecode.swift; path = APButton.swift; sourceTree = "<group>"; };
		C15E47402B35B12200E50BEC /* XDismissButton.swift */ = {isa = PBXFileReference; lastKnownFileType = sourcecode.swift; path = XDismissButton.swift; sourceTree = "<group>"; };
		C15E47422B35B9E000E50BEC /* AccountViewModel.swift */ = {isa = PBXFileReference; lastKnownFileType = sourcecode.swift; path = AccountViewModel.swift; sourceTree = "<group>"; };
		C15E47442B35BC7B00E50BEC /* String+Ext.swift */ = {isa = PBXFileReference; fileEncoding = 4; lastKnownFileType = sourcecode.swift; name = "String+Ext.swift"; path = "../../../../../String+Ext.swift"; sourceTree = "<group>"; };
		C1C184702B3545D6002B1FF3 /* NetworkManager.swift */ = {isa = PBXFileReference; lastKnownFileType = sourcecode.swift; path = NetworkManager.swift; sourceTree = "<group>"; };
		C1C184722B35479C002B1FF3 /* APError.swift */ = {isa = PBXFileReference; lastKnownFileType = sourcecode.swift; path = APError.swift; sourceTree = "<group>"; };
		C1C184742B355B89002B1FF3 /* AppetizerListViewModel.swift */ = {isa = PBXFileReference; lastKnownFileType = sourcecode.swift; path = AppetizerListViewModel.swift; sourceTree = "<group>"; };
		C1C184762B355D13002B1FF3 /* Alert.swift */ = {isa = PBXFileReference; lastKnownFileType = sourcecode.swift; path = Alert.swift; sourceTree = "<group>"; };
		C1C184782B3572AF002B1FF3 /* LoadingView.swift */ = {isa = PBXFileReference; lastKnownFileType = sourcecode.swift; path = LoadingView.swift; sourceTree = "<group>"; };
		C1C1847C2B357B25002B1FF3 /* RemoteImage.swift */ = {isa = PBXFileReference; lastKnownFileType = sourcecode.swift; path = RemoteImage.swift; sourceTree = "<group>"; };
		C1C6B7A82B34B920009134B9 /* Appetizers.app */ = {isa = PBXFileReference; explicitFileType = wrapper.application; includeInIndex = 0; path = Appetizers.app; sourceTree = BUILT_PRODUCTS_DIR; };
		C1C6B7AB2B34B920009134B9 /* AppetizersApp.swift */ = {isa = PBXFileReference; lastKnownFileType = sourcecode.swift; path = AppetizersApp.swift; sourceTree = "<group>"; };
		C1C6B7AD2B34B920009134B9 /* AppetizerTabView.swift */ = {isa = PBXFileReference; lastKnownFileType = sourcecode.swift; path = AppetizerTabView.swift; sourceTree = "<group>"; };
		C1C6B7AF2B34B921009134B9 /* Assets.xcassets */ = {isa = PBXFileReference; lastKnownFileType = folder.assetcatalog; path = Assets.xcassets; sourceTree = "<group>"; };
		C1C6B7B22B34B921009134B9 /* Preview Assets.xcassets */ = {isa = PBXFileReference; lastKnownFileType = folder.assetcatalog; path = "Preview Assets.xcassets"; sourceTree = "<group>"; };
		C1C6B7B92B34B9AA009134B9 /* AppetizerListView.swift */ = {isa = PBXFileReference; lastKnownFileType = sourcecode.swift; path = AppetizerListView.swift; sourceTree = "<group>"; };
		C1C6B7BB2B34B9BD009134B9 /* AccountView.swift */ = {isa = PBXFileReference; lastKnownFileType = sourcecode.swift; path = AccountView.swift; sourceTree = "<group>"; };
		C1C6B7BD2B34B9C9009134B9 /* OrderView.swift */ = {isa = PBXFileReference; lastKnownFileType = sourcecode.swift; path = OrderView.swift; sourceTree = "<group>"; };
		C1C6B7BF2B34BE78009134B9 /* Appetizer.swift */ = {isa = PBXFileReference; lastKnownFileType = sourcecode.swift; path = Appetizer.swift; sourceTree = "<group>"; };
		C1C6B7C12B34D0D9009134B9 /* AppetizerListCell.swift */ = {isa = PBXFileReference; lastKnownFileType = sourcecode.swift; path = AppetizerListCell.swift; sourceTree = "<group>"; };
/* End PBXFileReference section */

/* Begin PBXFrameworksBuildPhase section */
		C1C6B7A52B34B920009134B9 /* Frameworks */ = {
			isa = PBXFrameworksBuildPhase;
			buildActionMask = 2147483647;
			files = (
			);
			runOnlyForDeploymentPostprocessing = 0;
		};
/* End PBXFrameworksBuildPhase section */

/* Begin PBXGroup section */
		C15E473D2B35B06700E50BEC /* Buttons */ = {
			isa = PBXGroup;
			children = (
				C15E473E2B35B07400E50BEC /* APButton.swift */,
				C15E47402B35B12200E50BEC /* XDismissButton.swift */,
			);
			path = Buttons;
			sourceTree = "<group>";
		};
		C1C1847E2B357F8A002B1FF3 /* Screens */ = {
			isa = PBXGroup;
			children = (
				C1C6B7AD2B34B920009134B9 /* AppetizerTabView.swift */,
				C1C1847F2B357FA9002B1FF3 /* AppetizerListView */,
				C1C184802B357FBD002B1FF3 /* AccountView */,
				C1C184812B357FD8002B1FF3 /* OrderView */,
			);
			path = Screens;
			sourceTree = "<group>";
		};
		C1C1847F2B357FA9002B1FF3 /* AppetizerListView */ = {
			isa = PBXGroup;
			children = (
				C1C6B7B92B34B9AA009134B9 /* AppetizerListView.swift */,
				C1C184742B355B89002B1FF3 /* AppetizerListViewModel.swift */,
				C15E473B2B35A4D800E50BEC /* AppetizerDetailView.swift */,
			);
			path = AppetizerListView;
			sourceTree = "<group>";
		};
		C1C184802B357FBD002B1FF3 /* AccountView */ = {
			isa = PBXGroup;
			children = (
				C1C6B7BB2B34B9BD009134B9 /* AccountView.swift */,
				C15E47422B35B9E000E50BEC /* AccountViewModel.swift */,
			);
			path = AccountView;
			sourceTree = "<group>";
		};
		C1C184812B357FD8002B1FF3 /* OrderView */ = {
			isa = PBXGroup;
			children = (
				C1C6B7BD2B34B9C9009134B9 /* OrderView.swift */,
			);
			path = OrderView;
			sourceTree = "<group>";
		};
		C1C184822B358028002B1FF3 /* Utils */ = {
			isa = PBXGroup;
			children = (
				C1C184852B358074002B1FF3 /* Alerts */,
				C1C184832B35803C002B1FF3 /* Managers */,
			);
			path = Utils;
			sourceTree = "<group>";
		};
		C1C184832B35803C002B1FF3 /* Managers */ = {
			isa = PBXGroup;
			children = (
				C15E47442B35BC7B00E50BEC /* String+Ext.swift */,
				C1C184702B3545D6002B1FF3 /* NetworkManager.swift */,
			);
			path = Managers;
			sourceTree = "<group>";
		};
		C1C184852B358074002B1FF3 /* Alerts */ = {
			isa = PBXGroup;
			children = (
				C1C184762B355D13002B1FF3 /* Alert.swift */,
				C1C184722B35479C002B1FF3 /* APError.swift */,
			);
			path = Alerts;
			sourceTree = "<group>";
		};
		C1C184862B3580A6002B1FF3 /* Model */ = {
			isa = PBXGroup;
			children = (
				C1C6B7BF2B34BE78009134B9 /* Appetizer.swift */,
			);
			path = Model;
			sourceTree = "<group>";
		};
		C1C184872B3580D4002B1FF3 /* Views */ = {
			isa = PBXGroup;
			children = (
				C15E473D2B35B06700E50BEC /* Buttons */,
				C1C1848A2B358105002B1FF3 /* Cells */,
				C1C184892B3580F0002B1FF3 /* UIKit */,
				C1C184882B3580E9002B1FF3 /* Image */,
			);
			path = Views;
			sourceTree = "<group>";
		};
		C1C184882B3580E9002B1FF3 /* Image */ = {
			isa = PBXGroup;
			children = (
				C1C1847C2B357B25002B1FF3 /* RemoteImage.swift */,
			);
			path = Image;
			sourceTree = "<group>";
		};
		C1C184892B3580F0002B1FF3 /* UIKit */ = {
			isa = PBXGroup;
			children = (
				C1C184782B3572AF002B1FF3 /* LoadingView.swift */,
			);
			path = UIKit;
			sourceTree = "<group>";
		};
		C1C1848A2B358105002B1FF3 /* Cells */ = {
			isa = PBXGroup;
			children = (
				C1C6B7C12B34D0D9009134B9 /* AppetizerListCell.swift */,
			);
			path = Cells;
			sourceTree = "<group>";
		};
		C1C6B79F2B34B920009134B9 = {
			isa = PBXGroup;
			children = (
				C1C6B7AA2B34B920009134B9 /* Appetizers */,
				C1C6B7A92B34B920009134B9 /* Products */,
			);
			sourceTree = "<group>";
		};
		C1C6B7A92B34B920009134B9 /* Products */ = {
			isa = PBXGroup;
			children = (
				C1C6B7A82B34B920009134B9 /* Appetizers.app */,
			);
			name = Products;
			sourceTree = "<group>";
		};
		C1C6B7AA2B34B920009134B9 /* Appetizers */ = {
			isa = PBXGroup;
			children = (
				C1C184862B3580A6002B1FF3 /* Model */,
				C1C184822B358028002B1FF3 /* Utils */,
				C1C184872B3580D4002B1FF3 /* Views */,
				C1C1847E2B357F8A002B1FF3 /* Screens */,
				C1C6B7AB2B34B920009134B9 /* AppetizersApp.swift */,
				C1C6B7AF2B34B921009134B9 /* Assets.xcassets */,
				C1C6B7B12B34B921009134B9 /* Preview Content */,
			);
			path = Appetizers;
			sourceTree = "<group>";
		};
		C1C6B7B12B34B921009134B9 /* Preview Content */ = {
			isa = PBXGroup;
			children = (
				C1C6B7B22B34B921009134B9 /* Preview Assets.xcassets */,
			);
			path = "Preview Content";
			sourceTree = "<group>";
		};
/* End PBXGroup section */

/* Begin PBXNativeTarget section */
		C1C6B7A72B34B920009134B9 /* Appetizers */ = {
			isa = PBXNativeTarget;
			buildConfigurationList = C1C6B7B62B34B921009134B9 /* Build configuration list for PBXNativeTarget "Appetizers" */;
			buildPhases = (
				C1C6B7A42B34B920009134B9 /* Sources */,
				C1C6B7A52B34B920009134B9 /* Frameworks */,
				C1C6B7A62B34B920009134B9 /* Resources */,
			);
			buildRules = (
			);
			dependencies = (
			);
			name = Appetizers;
			productName = Appetizers;
			productReference = C1C6B7A82B34B920009134B9 /* Appetizers.app */;
			productType = "com.apple.product-type.application";
		};
/* End PBXNativeTarget section */

/* Begin PBXProject section */
		C1C6B7A02B34B920009134B9 /* Project object */ = {
			isa = PBXProject;
			attributes = {
				BuildIndependentTargetsInParallel = 1;
				LastSwiftUpdateCheck = 1510;
				LastUpgradeCheck = 1510;
				TargetAttributes = {
					C1C6B7A72B34B920009134B9 = {
						CreatedOnToolsVersion = 15.1;
					};
				};
			};
			buildConfigurationList = C1C6B7A32B34B920009134B9 /* Build configuration list for PBXProject "Appetizers" */;
			compatibilityVersion = "Xcode 14.0";
			developmentRegion = en;
			hasScannedForEncodings = 0;
			knownRegions = (
				en,
				Base,
			);
			mainGroup = C1C6B79F2B34B920009134B9;
			productRefGroup = C1C6B7A92B34B920009134B9 /* Products */;
			projectDirPath = "";
			projectRoot = "";
			targets = (
				C1C6B7A72B34B920009134B9 /* Appetizers */,
			);
		};
/* End PBXProject section */

/* Begin PBXResourcesBuildPhase section */
		C1C6B7A62B34B920009134B9 /* Resources */ = {
			isa = PBXResourcesBuildPhase;
			buildActionMask = 2147483647;
			files = (
				C1C6B7B32B34B921009134B9 /* Preview Assets.xcassets in Resources */,
				C1C6B7B02B34B921009134B9 /* Assets.xcassets in Resources */,
			);
			runOnlyForDeploymentPostprocessing = 0;
		};
/* End PBXResourcesBuildPhase section */

/* Begin PBXSourcesBuildPhase section */
		C1C6B7A42B34B920009134B9 /* Sources */ = {
			isa = PBXSourcesBuildPhase;
			buildActionMask = 2147483647;
			files = (
				C15E47452B35BC7B00E50BEC /* String+Ext.swift in Sources */,
				C1C6B7BC2B34B9BD009134B9 /* AccountView.swift in Sources */,
				C1C184732B35479C002B1FF3 /* APError.swift in Sources */,
				C1C6B7C22B34D0D9009134B9 /* AppetizerListCell.swift in Sources */,
				C15E473F2B35B07400E50BEC /* APButton.swift in Sources */,
				C1C184752B355B89002B1FF3 /* AppetizerListViewModel.swift in Sources */,
				C1C6B7C02B34BE78009134B9 /* Appetizer.swift in Sources */,
				C1C184792B3572AF002B1FF3 /* LoadingView.swift in Sources */,
				C1C1847D2B357B25002B1FF3 /* RemoteImage.swift in Sources */,
				C1C6B7AE2B34B920009134B9 /* AppetizerTabView.swift in Sources */,
				C15E473C2B35A4D800E50BEC /* AppetizerDetailView.swift in Sources */,
				C1C184712B3545D6002B1FF3 /* NetworkManager.swift in Sources */,
				C1C6B7AC2B34B920009134B9 /* AppetizersApp.swift in Sources */,
				C1C184772B355D13002B1FF3 /* Alert.swift in Sources */,
				C1C6B7BA2B34B9AA009134B9 /* AppetizerListView.swift in Sources */,
				C1C6B7BE2B34B9C9009134B9 /* OrderView.swift in Sources */,
				C15E47432B35B9E000E50BEC /* AccountViewModel.swift in Sources */,
				C15E47412B35B12200E50BEC /* XDismissButton.swift in Sources */,
			);
			runOnlyForDeploymentPostprocessing = 0;
		};
/* End PBXSourcesBuildPhase section */

/* Begin XCBuildConfiguration section */
		C1C6B7B42B34B921009134B9 /* Debug */ = {
			isa = XCBuildConfiguration;
			buildSettings = {
				ALWAYS_SEARCH_USER_PATHS = NO;
				ASSETCATALOG_COMPILER_GENERATE_SWIFT_ASSET_SYMBOL_EXTENSIONS = YES;
				CLANG_ANALYZER_NONNULL = YES;
				CLANG_ANALYZER_NUMBER_OBJECT_CONVERSION = YES_AGGRESSIVE;
				CLANG_CXX_LANGUAGE_STANDARD = "gnu++20";
				CLANG_ENABLE_MODULES = YES;
				CLANG_ENABLE_OBJC_ARC = YES;
				CLANG_ENABLE_OBJC_WEAK = YES;
				CLANG_WARN_BLOCK_CAPTURE_AUTORELEASING = YES;
				CLANG_WARN_BOOL_CONVERSION = YES;
				CLANG_WARN_COMMA = YES;
				CLANG_WARN_CONSTANT_CONVERSION = YES;
				CLANG_WARN_DEPRECATED_OBJC_IMPLEMENTATIONS = YES;
				CLANG_WARN_DIRECT_OBJC_ISA_USAGE = YES_ERROR;
				CLANG_WARN_DOCUMENTATION_COMMENTS = YES;
				CLANG_WARN_EMPTY_BODY = YES;
				CLANG_WARN_ENUM_CONVERSION = YES;
				CLANG_WARN_INFINITE_RECURSION = YES;
				CLANG_WARN_INT_CONVERSION = YES;
				CLANG_WARN_NON_LITERAL_NULL_CONVERSION = YES;
				CLANG_WARN_OBJC_IMPLICIT_RETAIN_SELF = YES;
				CLANG_WARN_OBJC_LITERAL_CONVERSION = YES;
				CLANG_WARN_OBJC_ROOT_CLASS = YES_ERROR;
				CLANG_WARN_QUOTED_INCLUDE_IN_FRAMEWORK_HEADER = YES;
				CLANG_WARN_RANGE_LOOP_ANALYSIS = YES;
				CLANG_WARN_STRICT_PROTOTYPES = YES;
				CLANG_WARN_SUSPICIOUS_MOVE = YES;
				CLANG_WARN_UNGUARDED_AVAILABILITY = YES_AGGRESSIVE;
				CLANG_WARN_UNREACHABLE_CODE = YES;
				CLANG_WARN__DUPLICATE_METHOD_MATCH = YES;
				COPY_PHASE_STRIP = NO;
				DEBUG_INFORMATION_FORMAT = dwarf;
				ENABLE_STRICT_OBJC_MSGSEND = YES;
				ENABLE_TESTABILITY = YES;
				ENABLE_USER_SCRIPT_SANDBOXING = YES;
				GCC_C_LANGUAGE_STANDARD = gnu17;
				GCC_DYNAMIC_NO_PIC = NO;
				GCC_NO_COMMON_BLOCKS = YES;
				GCC_OPTIMIZATION_LEVEL = 0;
				GCC_PREPROCESSOR_DEFINITIONS = (
					"DEBUG=1",
					"$(inherited)",
				);
				GCC_WARN_64_TO_32_BIT_CONVERSION = YES;
				GCC_WARN_ABOUT_RETURN_TYPE = YES_ERROR;
				GCC_WARN_UNDECLARED_SELECTOR = YES;
				GCC_WARN_UNINITIALIZED_AUTOS = YES_AGGRESSIVE;
				GCC_WARN_UNUSED_FUNCTION = YES;
				GCC_WARN_UNUSED_VARIABLE = YES;
				IPHONEOS_DEPLOYMENT_TARGET = 17.2;
				LOCALIZATION_PREFERS_STRING_CATALOGS = YES;
				MTL_ENABLE_DEBUG_INFO = INCLUDE_SOURCE;
				MTL_FAST_MATH = YES;
				ONLY_ACTIVE_ARCH = YES;
				SDKROOT = iphoneos;
				SWIFT_ACTIVE_COMPILATION_CONDITIONS = "DEBUG $(inherited)";
				SWIFT_OPTIMIZATION_LEVEL = "-Onone";
			};
			name = Debug;
		};
		C1C6B7B52B34B921009134B9 /* Release */ = {
			isa = XCBuildConfiguration;
			buildSettings = {
				ALWAYS_SEARCH_USER_PATHS = NO;
				ASSETCATALOG_COMPILER_GENERATE_SWIFT_ASSET_SYMBOL_EXTENSIONS = YES;
				CLANG_ANALYZER_NONNULL = YES;
				CLANG_ANALYZER_NUMBER_OBJECT_CONVERSION = YES_AGGRESSIVE;
				CLANG_CXX_LANGUAGE_STANDARD = "gnu++20";
				CLANG_ENABLE_MODULES = YES;
				CLANG_ENABLE_OBJC_ARC = YES;
				CLANG_ENABLE_OBJC_WEAK = YES;
				CLANG_WARN_BLOCK_CAPTURE_AUTORELEASING = YES;
				CLANG_WARN_BOOL_CONVERSION = YES;
				CLANG_WARN_COMMA = YES;
				CLANG_WARN_CONSTANT_CONVERSION = YES;
				CLANG_WARN_DEPRECATED_OBJC_IMPLEMENTATIONS = YES;
				CLANG_WARN_DIRECT_OBJC_ISA_USAGE = YES_ERROR;
				CLANG_WARN_DOCUMENTATION_COMMENTS = YES;
				CLANG_WARN_EMPTY_BODY = YES;
				CLANG_WARN_ENUM_CONVERSION = YES;
				CLANG_WARN_INFINITE_RECURSION = YES;
				CLANG_WARN_INT_CONVERSION = YES;
				CLANG_WARN_NON_LITERAL_NULL_CONVERSION = YES;
				CLANG_WARN_OBJC_IMPLICIT_RETAIN_SELF = YES;
				CLANG_WARN_OBJC_LITERAL_CONVERSION = YES;
				CLANG_WARN_OBJC_ROOT_CLASS = YES_ERROR;
				CLANG_WARN_QUOTED_INCLUDE_IN_FRAMEWORK_HEADER = YES;
				CLANG_WARN_RANGE_LOOP_ANALYSIS = YES;
				CLANG_WARN_STRICT_PROTOTYPES = YES;
				CLANG_WARN_SUSPICIOUS_MOVE = YES;
				CLANG_WARN_UNGUARDED_AVAILABILITY = YES_AGGRESSIVE;
				CLANG_WARN_UNREACHABLE_CODE = YES;
				CLANG_WARN__DUPLICATE_METHOD_MATCH = YES;
				COPY_PHASE_STRIP = NO;
				DEBUG_INFORMATION_FORMAT = "dwarf-with-dsym";
				ENABLE_NS_ASSERTIONS = NO;
				ENABLE_STRICT_OBJC_MSGSEND = YES;
				ENABLE_USER_SCRIPT_SANDBOXING = YES;
				GCC_C_LANGUAGE_STANDARD = gnu17;
				GCC_NO_COMMON_BLOCKS = YES;
				GCC_WARN_64_TO_32_BIT_CONVERSION = YES;
				GCC_WARN_ABOUT_RETURN_TYPE = YES_ERROR;
				GCC_WARN_UNDECLARED_SELECTOR = YES;
				GCC_WARN_UNINITIALIZED_AUTOS = YES_AGGRESSIVE;
				GCC_WARN_UNUSED_FUNCTION = YES;
				GCC_WARN_UNUSED_VARIABLE = YES;
				IPHONEOS_DEPLOYMENT_TARGET = 17.2;
				LOCALIZATION_PREFERS_STRING_CATALOGS = YES;
				MTL_ENABLE_DEBUG_INFO = NO;
				MTL_FAST_MATH = YES;
				SDKROOT = iphoneos;
				SWIFT_COMPILATION_MODE = wholemodule;
				VALIDATE_PRODUCT = YES;
			};
			name = Release;
		};
		C1C6B7B72B34B921009134B9 /* Debug */ = {
			isa = XCBuildConfiguration;
			buildSettings = {
				ASSETCATALOG_COMPILER_APPICON_NAME = AppIcon;
				ASSETCATALOG_COMPILER_GLOBAL_ACCENT_COLOR_NAME = AccentColor;
				CODE_SIGN_STYLE = Automatic;
				CURRENT_PROJECT_VERSION = 1;
				DEVELOPMENT_ASSET_PATHS = "\"Appetizers/Preview Content\"";
				DEVELOPMENT_TEAM = 4Q398HUTA3;
				ENABLE_PREVIEWS = YES;
				GENERATE_INFOPLIST_FILE = YES;
				INFOPLIST_KEY_UIApplicationSceneManifest_Generation = YES;
				INFOPLIST_KEY_UIApplicationSupportsIndirectInputEvents = YES;
				INFOPLIST_KEY_UILaunchScreen_Generation = YES;
				INFOPLIST_KEY_UISupportedInterfaceOrientations_iPad = "UIInterfaceOrientationPortrait UIInterfaceOrientationPortraitUpsideDown UIInterfaceOrientationLandscapeLeft UIInterfaceOrientationLandscapeRight";
				INFOPLIST_KEY_UISupportedInterfaceOrientations_iPhone = "UIInterfaceOrientationPortrait UIInterfaceOrientationLandscapeLeft UIInterfaceOrientationLandscapeRight";
				LD_RUNPATH_SEARCH_PATHS = (
					"$(inherited)",
					"@executable_path/Frameworks",
				);
				MARKETING_VERSION = 1.0;
				PRODUCT_BUNDLE_IDENTIFIER = divyansh.Appetizers;
				PRODUCT_NAME = "$(TARGET_NAME)";
				SWIFT_EMIT_LOC_STRINGS = YES;
				SWIFT_VERSION = 5.0;
				TARGETED_DEVICE_FAMILY = "1,2";
			};
			name = Debug;
		};
		C1C6B7B82B34B921009134B9 /* Release */ = {
			isa = XCBuildConfiguration;
			buildSettings = {
				ASSETCATALOG_COMPILER_APPICON_NAME = AppIcon;
				ASSETCATALOG_COMPILER_GLOBAL_ACCENT_COLOR_NAME = AccentColor;
				CODE_SIGN_STYLE = Automatic;
				CURRENT_PROJECT_VERSION = 1;
				DEVELOPMENT_ASSET_PATHS = "\"Appetizers/Preview Content\"";
				DEVELOPMENT_TEAM = 4Q398HUTA3;
				ENABLE_PREVIEWS = YES;
				GENERATE_INFOPLIST_FILE = YES;
				INFOPLIST_KEY_UIApplicationSceneManifest_Generation = YES;
				INFOPLIST_KEY_UIApplicationSupportsIndirectInputEvents = YES;
				INFOPLIST_KEY_UILaunchScreen_Generation = YES;
				INFOPLIST_KEY_UISupportedInterfaceOrientations_iPad = "UIInterfaceOrientationPortrait UIInterfaceOrientationPortraitUpsideDown UIInterfaceOrientationLandscapeLeft UIInterfaceOrientationLandscapeRight";
				INFOPLIST_KEY_UISupportedInterfaceOrientations_iPhone = "UIInterfaceOrientationPortrait UIInterfaceOrientationLandscapeLeft UIInterfaceOrientationLandscapeRight";
				LD_RUNPATH_SEARCH_PATHS = (
					"$(inherited)",
					"@executable_path/Frameworks",
				);
				MARKETING_VERSION = 1.0;
				PRODUCT_BUNDLE_IDENTIFIER = divyansh.Appetizers;
				PRODUCT_NAME = "$(TARGET_NAME)";
				SWIFT_EMIT_LOC_STRINGS = YES;
				SWIFT_VERSION = 5.0;
				TARGETED_DEVICE_FAMILY = "1,2";
			};
			name = Release;
		};
/* End XCBuildConfiguration section */

/* Begin XCConfigurationList section */
		C1C6B7A32B34B920009134B9 /* Build configuration list for PBXProject "Appetizers" */ = {
			isa = XCConfigurationList;
			buildConfigurations = (
				C1C6B7B42B34B921009134B9 /* Debug */,
				C1C6B7B52B34B921009134B9 /* Release */,
			);
			defaultConfigurationIsVisible = 0;
			defaultConfigurationName = Release;
		};
		C1C6B7B62B34B921009134B9 /* Build configuration list for PBXNativeTarget "Appetizers" */ = {
			isa = XCConfigurationList;
			buildConfigurations = (
				C1C6B7B72B34B921009134B9 /* Debug */,
				C1C6B7B82B34B921009134B9 /* Release */,
			);
			defaultConfigurationIsVisible = 0;
			defaultConfigurationName = Release;
		};
/* End XCConfigurationList section */
	};
	rootObject = C1C6B7A02B34B920009134B9 /* Project object */;
}
